
Microsoft Visual Studio Solution File, Format Version 12.00
# Visual Studio 15
VisualStudioVersion = 15.0.26403.7
MinimumVisualStudioVersion = 10.0.40219.1
Project("{FAE04EC0-301F-11D3-BF4B-00C04F79EFBC}") = "PhotoSharing.Models", "PhotoSharing.Models\PhotoSharing.Models.csproj", "{EB741729-B99E-4202-96B4-6852B8801641}"
EndProject
Project("{FAE04EC0-301F-11D3-BF4B-00C04F79EFBC}") = "PhotoSharing.DataAccess", "PhotoSharing.DataAccess\PhotoSharing.DataAccess.csproj", "{E2705D46-B4B0-4D0D-91E9-38278EF7872D}"
EndProject
Project("{FAE04EC0-301F-11D3-BF4B-00C04F79EFBC}") = "PhotoSharing.Repository", "PhotoSharing.Repository\PhotoSharing.Repository.csproj", "{918D5CAC-EF0F-4B0A-B5F3-9D7FFB55E186}"
EndProject
Project("{FAE04EC0-301F-11D3-BF4B-00C04F79EFBC}") = "PhotoSharing.Web", "PhotoSharing.Web\PhotoSharing.Web.csproj", "{6549FACC-F1BB-4905-B4AC-E0AD06CAEDB0}"
EndProject
Global
	GlobalSection(SolutionConfigurationPlatforms) = preSolution
		Debug|Any CPU = Debug|Any CPU
		Release|Any CPU = Release|Any CPU
	EndGlobalSection
	GlobalSection(ProjectConfigurationPlatforms) = postSolution
		{EB741729-B99E-4202-96B4-6852B8801641}.Debug|Any CPU.ActiveCfg = Debug|Any CPU
		{EB741729-B99E-4202-96B4-6852B8801641}.Debug|Any CPU.Build.0 = Debug|Any CPU
		{EB741729-B99E-4202-96B4-6852B8801641}.Release|Any CPU.ActiveCfg = Release|Any CPU
		{EB741729-B99E-4202-96B4-6852B8801641}.Release|Any CPU.Build.0 = Release|Any CPU
		{E2705D46-B4B0-4D0D-91E9-38278EF7872D}.Debug|Any CPU.ActiveCfg = Debug|Any CPU
		{E2705D46-B4B0-4D0D-91E9-38278EF7872D}.Debug|Any CPU.Build.0 = Debug|Any CPU
		{E2705D46-B4B0-4D0D-91E9-38278EF7872D}.Release|Any CPU.ActiveCfg = Release|Any CPU
		{E2705D46-B4B0-4D0D-91E9-38278EF7872D}.Release|Any CPU.Build.0 = Release|Any CPU
		{918D5CAC-EF0F-4B0A-B5F3-9D7FFB55E186}.Debug|Any CPU.ActiveCfg = Debug|Any CPU
		{918D5CAC-EF0F-4B0A-B5F3-9D7FFB55E186}.Debug|Any CPU.Build.0 = Debug|Any CPU
		{918D5CAC-EF0F-4B0A-B5F3-9D7FFB55E186}.Release|Any CPU.ActiveCfg = Release|Any CPU
		{918D5CAC-EF0F-4B0A-B5F3-9D7FFB55E186}.Release|Any CPU.Build.0 = Release|Any CPU
		{6549FACC-F1BB-4905-B4AC-E0AD06CAEDB0}.Debug|Any CPU.ActiveCfg = Debug|Any CPU
		{6549FACC-F1BB-4905-B4AC-E0AD06CAEDB0}.Debug|Any CPU.Build.0 = Debug|Any CPU
		{6549FACC-F1BB-4905-B4AC-E0AD06CAEDB0}.Release|Any CPU.ActiveCfg = Release|Any CPU
		{6549FACC-F1BB-4905-B4AC-E0AD06CAEDB0}.Release|Any CPU.Build.0 = Release|Any CPU
	EndGlobalSection
	GlobalSection(SolutionProperties) = preSolution
		HideSolutionNode = FALSE
	EndGlobalSection
EndGlobal
